
Microsoft Visual Studio Solution File, Format Version 12.00
# Visual Studio 2013
VisualStudioVersion = 12.0.40629.0
MinimumVisualStudioVersion = 10.0.40219.1
Project("{FAE04EC0-301F-11D3-BF4B-00C04F79EFBC}") = "Homework6", "Homework6\Homework6.csproj", "{CE881C93-8EE5-4E75-9C93-E74DCCD43DEF}"
EndProject
Global
	GlobalSection(SolutionConfigurationPlatforms) = preSolution
		Debug|Any CPU = Debug|Any CPU
		Release|Any CPU = Release|Any CPU
	EndGlobalSection
	GlobalSection(ProjectConfigurationPlatforms) = postSolution
		{CE881C93-8EE5-4E75-9C93-E74DCCD43DEF}.Debug|Any CPU.ActiveCfg = Debug|Any CPU
		{CE881C93-8EE5-4E75-9C93-E74DCCD43DEF}.Debug|Any CPU.Build.0 = Debug|Any CPU
		{CE881C93-8EE5-4E75-9C93-E74DCCD43DEF}.Release|Any CPU.ActiveCfg = Release|Any CPU
		{CE881C93-8EE5-4E75-9C93-E74DCCD43DEF}.Release|Any CPU.Build.0 = Release|Any CPU
	EndGlobalSection
	GlobalSection(SolutionProperties) = preSolution
		HideSolutionNode = FALSE
	EndGlobalSection
EndGlobal
